
Microsoft Visual Studio Solution File, Format Version 12.00
# Visual Studio Version 16
VisualStudioVersion = 16.0.30114.105
MinimumVisualStudioVersion = 10.0.40219.1
Project("{FAE04EC0-301F-11D3-BF4B-00C04F79EFBC}") = "Lab06", "Lab06\Lab06.csproj", "{0E0E404B-034A-46A8-BC91-5FB2F5887EB9}"
EndProject
Project("{FAE04EC0-301F-11D3-BF4B-00C04F79EFBC}") = "Lab06.Tests", "Lab06.Tests\Lab06.Tests.csproj", "{9C7DE1CA-E27E-4921-862C-1AD7F467F29B}"
EndProject
Project("{FAE04EC0-301F-11D3-BF4B-00C04F79EFBC}") = "Lab06.Main", "Lab06.Main\Lab06.Main.csproj", "{BBEB22F0-4709-4F1A-9360-24D30C2107E8}"
EndProject
Global
	GlobalSection(SolutionConfigurationPlatforms) = preSolution
		Debug|Any CPU = Debug|Any CPU
		Release|Any CPU = Release|Any CPU
	EndGlobalSection
	GlobalSection(SolutionProperties) = preSolution
		HideSolutionNode = FALSE
	EndGlobalSection
	GlobalSection(ProjectConfigurationPlatforms) = postSolution
		{0E0E404B-034A-46A8-BC91-5FB2F5887EB9}.Debug|Any CPU.ActiveCfg = Debug|Any CPU
		{0E0E404B-034A-46A8-BC91-5FB2F5887EB9}.Debug|Any CPU.Build.0 = Debug|Any CPU
		{0E0E404B-034A-46A8-BC91-5FB2F5887EB9}.Release|Any CPU.ActiveCfg = Release|Any CPU
		{0E0E404B-034A-46A8-BC91-5FB2F5887EB9}.Release|Any CPU.Build.0 = Release|Any CPU
		{9C7DE1CA-E27E-4921-862C-1AD7F467F29B}.Debug|Any CPU.ActiveCfg = Debug|Any CPU
		{9C7DE1CA-E27E-4921-862C-1AD7F467F29B}.Debug|Any CPU.Build.0 = Debug|Any CPU
		{9C7DE1CA-E27E-4921-862C-1AD7F467F29B}.Release|Any CPU.ActiveCfg = Release|Any CPU
		{9C7DE1CA-E27E-4921-862C-1AD7F467F29B}.Release|Any CPU.Build.0 = Release|Any CPU
		{BBEB22F0-4709-4F1A-9360-24D30C2107E8}.Debug|Any CPU.ActiveCfg = Debug|Any CPU
		{BBEB22F0-4709-4F1A-9360-24D30C2107E8}.Debug|Any CPU.Build.0 = Debug|Any CPU
		{BBEB22F0-4709-4F1A-9360-24D30C2107E8}.Release|Any CPU.ActiveCfg = Release|Any CPU
		{BBEB22F0-4709-4F1A-9360-24D30C2107E8}.Release|Any CPU.Build.0 = Release|Any CPU
	EndGlobalSection
EndGlobal
