
Microsoft Visual Studio Solution File, Format Version 12.00
# Visual Studio Version 16
VisualStudioVersion = 16.0.30114.105
MinimumVisualStudioVersion = 10.0.40219.1
Project("{FAE04EC0-301F-11D3-BF4B-00C04F79EFBC}") = "Lab05", "Lab05\Lab05.csproj", "{90D14996-6665-4D1D-A9FD-BDB3961B81E6}"
EndProject
Project("{FAE04EC0-301F-11D3-BF4B-00C04F79EFBC}") = "Lab05.Tests", "Lab05.Tests\Lab05.Tests.csproj", "{BA9306A4-9E2D-420F-A7D3-242D6AE0E40A}"
EndProject
Project("{FAE04EC0-301F-11D3-BF4B-00C04F79EFBC}") = "Lab05.Main", "Lab05.Main\Lab05.Main.csproj", "{D7B270F5-D26C-4EB8-B1C8-F89C6E57460A}"
EndProject
Global
	GlobalSection(SolutionConfigurationPlatforms) = preSolution
		Debug|Any CPU = Debug|Any CPU
		Release|Any CPU = Release|Any CPU
	EndGlobalSection
	GlobalSection(SolutionProperties) = preSolution
		HideSolutionNode = FALSE
	EndGlobalSection
	GlobalSection(ProjectConfigurationPlatforms) = postSolution
		{90D14996-6665-4D1D-A9FD-BDB3961B81E6}.Debug|Any CPU.ActiveCfg = Debug|Any CPU
		{90D14996-6665-4D1D-A9FD-BDB3961B81E6}.Debug|Any CPU.Build.0 = Debug|Any CPU
		{90D14996-6665-4D1D-A9FD-BDB3961B81E6}.Release|Any CPU.ActiveCfg = Release|Any CPU
		{90D14996-6665-4D1D-A9FD-BDB3961B81E6}.Release|Any CPU.Build.0 = Release|Any CPU
		{BA9306A4-9E2D-420F-A7D3-242D6AE0E40A}.Debug|Any CPU.ActiveCfg = Debug|Any CPU
		{BA9306A4-9E2D-420F-A7D3-242D6AE0E40A}.Debug|Any CPU.Build.0 = Debug|Any CPU
		{BA9306A4-9E2D-420F-A7D3-242D6AE0E40A}.Release|Any CPU.ActiveCfg = Release|Any CPU
		{BA9306A4-9E2D-420F-A7D3-242D6AE0E40A}.Release|Any CPU.Build.0 = Release|Any CPU
		{D7B270F5-D26C-4EB8-B1C8-F89C6E57460A}.Debug|Any CPU.ActiveCfg = Debug|Any CPU
		{D7B270F5-D26C-4EB8-B1C8-F89C6E57460A}.Debug|Any CPU.Build.0 = Debug|Any CPU
		{D7B270F5-D26C-4EB8-B1C8-F89C6E57460A}.Release|Any CPU.ActiveCfg = Release|Any CPU
		{D7B270F5-D26C-4EB8-B1C8-F89C6E57460A}.Release|Any CPU.Build.0 = Release|Any CPU
	EndGlobalSection
EndGlobal
