
Microsoft Visual Studio Solution File, Format Version 12.00
# Visual Studio Version 16
VisualStudioVersion = 16.0.30114.105
MinimumVisualStudioVersion = 10.0.40219.1
Project("{FAE04EC0-301F-11D3-BF4B-00C04F79EFBC}") = "Lab07", "Lab07\Lab07.csproj", "{453FEE7D-EC3F-4DF9-AA68-EE4AF815A426}"
EndProject
Project("{FAE04EC0-301F-11D3-BF4B-00C04F79EFBC}") = "Lab07.Tests", "Lab07.Tests\Lab07.Tests.csproj", "{483C233C-47D0-4260-B104-0DD6F70C4CB3}"
EndProject
Global
	GlobalSection(SolutionConfigurationPlatforms) = preSolution
		Debug|Any CPU = Debug|Any CPU
		Release|Any CPU = Release|Any CPU
	EndGlobalSection
	GlobalSection(SolutionProperties) = preSolution
		HideSolutionNode = FALSE
	EndGlobalSection
	GlobalSection(ProjectConfigurationPlatforms) = postSolution
		{453FEE7D-EC3F-4DF9-AA68-EE4AF815A426}.Debug|Any CPU.ActiveCfg = Debug|Any CPU
		{453FEE7D-EC3F-4DF9-AA68-EE4AF815A426}.Debug|Any CPU.Build.0 = Debug|Any CPU
		{453FEE7D-EC3F-4DF9-AA68-EE4AF815A426}.Release|Any CPU.ActiveCfg = Release|Any CPU
		{453FEE7D-EC3F-4DF9-AA68-EE4AF815A426}.Release|Any CPU.Build.0 = Release|Any CPU
		{483C233C-47D0-4260-B104-0DD6F70C4CB3}.Debug|Any CPU.ActiveCfg = Debug|Any CPU
		{483C233C-47D0-4260-B104-0DD6F70C4CB3}.Debug|Any CPU.Build.0 = Debug|Any CPU
		{483C233C-47D0-4260-B104-0DD6F70C4CB3}.Release|Any CPU.ActiveCfg = Release|Any CPU
		{483C233C-47D0-4260-B104-0DD6F70C4CB3}.Release|Any CPU.Build.0 = Release|Any CPU
	EndGlobalSection
EndGlobal
