
Microsoft Visual Studio Solution File, Format Version 12.00
# Visual Studio Version 16
VisualStudioVersion = 16.0.30114.105
MinimumVisualStudioVersion = 10.0.40219.1
Project("{FAE04EC0-301F-11D3-BF4B-00C04F79EFBC}") = "DomainPrimitivesTests", "DomainPrimitivesTests\DomainPrimitivesTests.csproj", "{C1CF5726-0519-4D8F-A157-9117E66071E1}"
EndProject
Project("{FAE04EC0-301F-11D3-BF4B-00C04F79EFBC}") = "DomainPrimitivesCode", "DomainPrimitivesCode\DomainPrimitivesCode.csproj", "{D69305A3-0257-4F7C-AE56-5D588F398E07}"
EndProject
Global
	GlobalSection(SolutionConfigurationPlatforms) = preSolution
		Debug|Any CPU = Debug|Any CPU
		Release|Any CPU = Release|Any CPU
	EndGlobalSection
	GlobalSection(SolutionProperties) = preSolution
		HideSolutionNode = FALSE
	EndGlobalSection
	GlobalSection(ProjectConfigurationPlatforms) = postSolution
		{C1CF5726-0519-4D8F-A157-9117E66071E1}.Debug|Any CPU.ActiveCfg = Debug|Any CPU
		{C1CF5726-0519-4D8F-A157-9117E66071E1}.Debug|Any CPU.Build.0 = Debug|Any CPU
		{C1CF5726-0519-4D8F-A157-9117E66071E1}.Release|Any CPU.ActiveCfg = Release|Any CPU
		{C1CF5726-0519-4D8F-A157-9117E66071E1}.Release|Any CPU.Build.0 = Release|Any CPU
		{D69305A3-0257-4F7C-AE56-5D588F398E07}.Debug|Any CPU.ActiveCfg = Debug|Any CPU
		{D69305A3-0257-4F7C-AE56-5D588F398E07}.Debug|Any CPU.Build.0 = Debug|Any CPU
		{D69305A3-0257-4F7C-AE56-5D588F398E07}.Release|Any CPU.ActiveCfg = Release|Any CPU
		{D69305A3-0257-4F7C-AE56-5D588F398E07}.Release|Any CPU.Build.0 = Release|Any CPU
	EndGlobalSection
EndGlobal
